
Microsoft Visual Studio Solution File, Format Version 12.00
# Visual Studio Version 16
VisualStudioVersion = 16.0.31729.503
MinimumVisualStudioVersion = 10.0.40219.1
Project("{FAE04EC0-301F-11D3-BF4B-00C04F79EFBC}") = "lab_6", "lab_6\lab_6.csproj", "{56F2C52C-7C2F-457B-9F22-18CBE093A36B}"
EndProject
Global
	GlobalSection(SolutionConfigurationPlatforms) = preSolution
		Debug|Any CPU = Debug|Any CPU
		Release|Any CPU = Release|Any CPU
	EndGlobalSection
	GlobalSection(ProjectConfigurationPlatforms) = postSolution
		{56F2C52C-7C2F-457B-9F22-18CBE093A36B}.Debug|Any CPU.ActiveCfg = Debug|Any CPU
		{56F2C52C-7C2F-457B-9F22-18CBE093A36B}.Debug|Any CPU.Build.0 = Debug|Any CPU
		{56F2C52C-7C2F-457B-9F22-18CBE093A36B}.Release|Any CPU.ActiveCfg = Release|Any CPU
		{56F2C52C-7C2F-457B-9F22-18CBE093A36B}.Release|Any CPU.Build.0 = Release|Any CPU
	EndGlobalSection
	GlobalSection(SolutionProperties) = preSolution
		HideSolutionNode = FALSE
	EndGlobalSection
	GlobalSection(ExtensibilityGlobals) = postSolution
		SolutionGuid = {2F68DB51-ABA5-4142-BF3C-82BD6CBDEBDA}
	EndGlobalSection
EndGlobal
